
Microsoft Visual Studio Solution File, Format Version 12.00
# Visual Studio Version 17
VisualStudioVersion = 17.3.32901.215
MinimumVisualStudioVersion = 10.0.40219.1
Project("{FAE04EC0-301F-11D3-BF4B-00C04F79EFBC}") = "OPD_prject", "OPD_prject\OPD_prject.csproj", "{D0A02736-D5CD-46C7-880F-4E8D444BD8C1}"
EndProject
Global
	GlobalSection(SolutionConfigurationPlatforms) = preSolution
		Debug|Any CPU = Debug|Any CPU
		Release|Any CPU = Release|Any CPU
	EndGlobalSection
	GlobalSection(ProjectConfigurationPlatforms) = postSolution
		{D0A02736-D5CD-46C7-880F-4E8D444BD8C1}.Debug|Any CPU.ActiveCfg = Debug|Any CPU
		{D0A02736-D5CD-46C7-880F-4E8D444BD8C1}.Debug|Any CPU.Build.0 = Debug|Any CPU
		{D0A02736-D5CD-46C7-880F-4E8D444BD8C1}.Release|Any CPU.ActiveCfg = Release|Any CPU
		{D0A02736-D5CD-46C7-880F-4E8D444BD8C1}.Release|Any CPU.Build.0 = Release|Any CPU
	EndGlobalSection
	GlobalSection(SolutionProperties) = preSolution
		HideSolutionNode = FALSE
	EndGlobalSection
	GlobalSection(ExtensibilityGlobals) = postSolution
		SolutionGuid = {EAD48E3C-55DC-4437-A07C-307AD25AD70A}
	EndGlobalSection
EndGlobal
